{
  "version": 4,
  "terraform_version": "1.5.7",
  "serial": 67,
  "lineage": "fd969871-f322-b6cc-d167-b72578f0697d",
  "outputs": {
    "meu_bucket_arn": {
      "value": "arn:aws:s3:::bucket-desafio-viny",
      "type": "string"
    },
    "meu_bucket_name": {
      "value": "bucket-desafio-viny",
      "type": "string"
    },
    "s3_access_policy_arn": {
      "value": "arn:aws:iam::763589538001:policy/s3-access-policy",
      "type": "string"
    }
  },
  "resources": [
    {
      "module": "module.glue_job",
      "mode": "managed",
      "type": "aws_glue_job",
      "name": "example",
      "provider": "provider[\"registry.terraform.io/hashicorp/aws\"]",
      "instances": [
        {
          "schema_version": 0,
          "attributes": {
            "arn": "arn:aws:glue:us-east-1:763589538001:job/00-job-glue-acs-bureau",
            "command": [
              {
                "name": "glueetl",
                "python_version": "3",
                "runtime": "",
                "script_location": "s3://lecture-athena/script-job-glue-acs-bureau.py"
              }
            ],
            "connections": null,
            "default_arguments": {
              "--JOB_NAME": "00-job-glue-acs-bureau",
              "--TempDir": "s3://lecture-athena/temp-dir"
            },
            "description": "",
            "execution_class": "",
            "execution_property": [
              {
                "max_concurrent_runs": 1
              }
            ],
            "glue_version": "4.0",
            "id": "00-job-glue-acs-bureau",
            "max_capacity": 10,
            "max_retries": 1,
            "name": "00-job-glue-acs-bureau",
            "non_overridable_arguments": null,
            "notification_property": [],
            "number_of_workers": 10,
            "role_arn": "arn:aws:iam::763589538001:role/glue-job-access",
            "security_configuration": "",
            "tags": null,
            "tags_all": {},
            "timeout": 2880,
            "worker_type": "G.1X"
          },
          "sensitive_attributes": [],
          "private": "bnVsbA==",
          "dependencies": [
            "module.iam.aws_iam_role.job_glue_role"
          ]
        }
      ]
    },
    {
      "module": "module.iam",
      "mode": "managed",
      "type": "aws_iam_policy",
      "name": "s3_access",
      "provider": "provider[\"registry.terraform.io/hashicorp/aws\"]",
      "instances": [
        {
          "schema_version": 0,
          "attributes": {
            "arn": "arn:aws:iam::763589538001:policy/s3-access-policy",
            "description": "Policy that allows access to S3",
            "id": "arn:aws:iam::763589538001:policy/s3-access-policy",
            "name": "s3-access-policy",
            "name_prefix": "",
            "path": "/",
            "policy": "{\"Statement\":[{\"Action\":[\"s3:GetObject\",\"s3:PutObject\",\"s3:DeleteObject\",\"s3:ListBucket\"],\"Effect\":\"Allow\",\"Resource\":[\"arn:aws:s3:::lecture-athena/*\",\"arn:aws:s3:::lecture-athena\",\"arn:aws:s3:::letrus-educacao-pdde-teste/*\",\"arn:aws:s3:::letrus-educacao-pdde-teste\"]},{\"Action\":\"s3:ListAllMyBuckets\",\"Condition\":{\"StringEquals\":{\"aws:RequestedAccount\":\"763589538001\"}},\"Effect\":\"Allow\",\"Resource\":\"*\"}],\"Version\":\"2012-10-17\"}",
            "policy_id": "ANPA3DSL3WDI2XC6FQH3F",
            "tags": null,
            "tags_all": {}
          },
          "sensitive_attributes": [],
          "private": "bnVsbA=="
        }
      ]
    },
    {
      "module": "module.iam",
      "mode": "managed",
      "type": "aws_iam_role",
      "name": "job_glue_role",
      "provider": "provider[\"registry.terraform.io/hashicorp/aws\"]",
      "instances": [
        {
          "schema_version": 0,
          "attributes": {
            "arn": "arn:aws:iam::763589538001:role/glue-job-access",
            "assume_role_policy": "{\"Statement\":[{\"Action\":\"sts:AssumeRole\",\"Effect\":\"Allow\",\"Principal\":{\"Service\":\"glue.amazonaws.com\"}}],\"Version\":\"2012-10-17\"}",
            "create_date": "2023-12-16T20:07:17Z",
            "description": "",
            "force_detach_policies": false,
            "id": "glue-job-access",
            "inline_policy": [],
            "managed_policy_arns": [],
            "max_session_duration": 3600,
            "name": "glue-job-access",
            "name_prefix": "",
            "path": "/",
            "permissions_boundary": "",
            "tags": null,
            "tags_all": {},
            "unique_id": "AROA3DSL3WDISDNGTFDZO"
          },
          "sensitive_attributes": [],
          "private": "bnVsbA=="
        }
      ]
    },
    {
      "module": "module.iam",
      "mode": "managed",
      "type": "aws_iam_role_policy_attachment",
      "name": "attach_glue_console_full_access",
      "provider": "provider[\"registry.terraform.io/hashicorp/aws\"]",
      "instances": [
        {
          "schema_version": 0,
          "attributes": {
            "id": "glue-job-access-20231216200718397800000002",
            "policy_arn": "arn:aws:iam::aws:policy/AWSGlueConsoleFullAccess",
            "role": "glue-job-access"
          },
          "sensitive_attributes": [],
          "private": "bnVsbA==",
          "dependencies": [
            "module.iam.aws_iam_role.job_glue_role"
          ]
        }
      ]
    },
    {
      "module": "module.iam",
      "mode": "managed",
      "type": "aws_iam_role_policy_attachment",
      "name": "attach_glue_service_role",
      "provider": "provider[\"registry.terraform.io/hashicorp/aws\"]",
      "instances": [
        {
          "schema_version": 0,
          "attributes": {
            "id": "glue-job-access-20231216200718378200000001",
            "policy_arn": "arn:aws:iam::aws:policy/service-role/AWSGlueServiceRole",
            "role": "glue-job-access"
          },
          "sensitive_attributes": [],
          "private": "bnVsbA==",
          "dependencies": [
            "module.iam.aws_iam_role.job_glue_role"
          ]
        }
      ]
    },
    {
      "module": "module.iam",
      "mode": "managed",
      "type": "aws_iam_role_policy_attachment",
      "name": "attach_s3_access",
      "provider": "provider[\"registry.terraform.io/hashicorp/aws\"]",
      "instances": [
        {
          "schema_version": 0,
          "attributes": {
            "id": "glue-job-access-20231216200718622200000003",
            "policy_arn": "arn:aws:iam::763589538001:policy/s3-access-policy",
            "role": "glue-job-access"
          },
          "sensitive_attributes": [],
          "private": "bnVsbA==",
          "dependencies": [
            "module.iam.aws_iam_policy.s3_access",
            "module.iam.aws_iam_role.job_glue_role"
          ]
        }
      ]
    },
    {
      "module": "module.s3_bucket",
      "mode": "managed",
      "type": "aws_s3_bucket",
      "name": "meu_bucket",
      "provider": "provider[\"registry.terraform.io/hashicorp/aws\"]",
      "instances": [
        {
          "schema_version": 0,
          "attributes": {
            "acceleration_status": "",
            "acl": null,
            "arn": "arn:aws:s3:::bucket-desafio-viny",
            "bucket": "bucket-desafio-viny",
            "bucket_domain_name": "bucket-desafio-viny.s3.amazonaws.com",
            "bucket_prefix": "",
            "bucket_regional_domain_name": "bucket-desafio-viny.s3.us-east-1.amazonaws.com",
            "cors_rule": [],
            "force_destroy": false,
            "grant": [
              {
                "id": "43c6a40dbe3128a41cc19627d184232ebdc2c2964cd93be40545422a5ece0912",
                "permissions": [
                  "FULL_CONTROL"
                ],
                "type": "CanonicalUser",
                "uri": ""
              }
            ],
            "hosted_zone_id": "Z3AQBSTGFYJSTF",
            "id": "bucket-desafio-viny",
            "lifecycle_rule": [],
            "logging": [],
            "object_lock_configuration": [],
            "object_lock_enabled": false,
            "policy": "",
            "region": "us-east-1",
            "replication_configuration": [],
            "request_payer": "BucketOwner",
            "server_side_encryption_configuration": [
              {
                "rule": [
                  {
                    "apply_server_side_encryption_by_default": [
                      {
                        "kms_master_key_id": "",
                        "sse_algorithm": "AES256"
                      }
                    ],
                    "bucket_key_enabled": false
                  }
                ]
              }
            ],
            "tags": {
              "Autor": "Vinícius Lucas",
              "Environment": "Dev",
              "Managedby": "Terraform",
              "Name": "bucket-desafio-viny"
            },
            "tags_all": {
              "Autor": "Vinícius Lucas",
              "Environment": "Dev",
              "Managedby": "Terraform",
              "Name": "bucket-desafio-viny"
            },
            "timeouts": null,
            "versioning": [
              {
                "enabled": false,
                "mfa_delete": false
              }
            ],
            "website": [],
            "website_domain": null,
            "website_endpoint": null
          },
          "sensitive_attributes": [],
          "private": "eyJlMmJmYjczMC1lY2FhLTExZTYtOGY4OC0zNDM2M2JjN2M0YzAiOnsiY3JlYXRlIjoxMjAwMDAwMDAwMDAwLCJkZWxldGUiOjM2MDAwMDAwMDAwMDAsInJlYWQiOjEyMDAwMDAwMDAwMDAsInVwZGF0ZSI6MTIwMDAwMDAwMDAwMH19"
        }
      ]
    }
  ],
  "check_results": null
}
